// !$*UTF8*$!
{
	archiveVersion = 1;
	classes = {
	};
	objectVersion = 50;
	objects = {

/* Begin PBXBuildFile section */
		3E6D49AF21B1EB4000C71038 /* particleFilter.c in Sources */ = {isa = PBXBuildFile; fileRef = 3E6D49AD21B1EB4000C71038 /* particleFilter.c */; };
		3E6D49B121B1EB7000C71038 /* slam3d.c in Sources */ = {isa = PBXBuildFile; fileRef = 3E6D49B021B1EB6F00C71038 /* slam3d.c */; };
		3EDDF04121E90EFD00C01ED7 /* pfRandom.c in Sources */ = {isa = PBXBuildFile; fileRef = 3EDDF04021E90EFD00C01ED7 /* pfRandom.c */; };
		3EDDF04421E926E000C01ED7 /* pfInit.c in Sources */ = {isa = PBXBuildFile; fileRef = 3EDDF04321E926E000C01ED7 /* pfInit.c */; };
		3EDDF04721E9299F00C01ED7 /* pfMeasurement.c in Sources */ = {isa = PBXBuildFile; fileRef = 3EDDF04621E9299F00C01ED7 /* pfMeasurement.c */; };
		3EDDF04A21E92B6000C01ED7 /* pfResample.c in Sources */ = {isa = PBXBuildFile; fileRef = 3EDDF04921E92B6000C01ED7 /* pfResample.c */; };
/* End PBXBuildFile section */

/* Begin PBXCopyFilesBuildPhase section */
		3E6D49A021B1EAF500C71038 /* CopyFiles */ = {
			isa = PBXCopyFilesBuildPhase;
			buildActionMask = 2147483647;
			dstPath = /usr/share/man/man1/;
			dstSubfolderSpec = 0;
			files = (
			);
			runOnlyForDeploymentPostprocessing = 1;
		};
/* End PBXCopyFilesBuildPhase section */

/* Begin PBXFileReference section */
		3E6D49A221B1EAF500C71038 /* slam3d */ = {isa = PBXFileReference; explicitFileType = "compiled.mach-o.executable"; includeInIndex = 0; path = slam3d; sourceTree = BUILT_PRODUCTS_DIR; };
		3E6D49AD21B1EB4000C71038 /* particleFilter.c */ = {isa = PBXFileReference; fileEncoding = 4; lastKnownFileType = sourcecode.c.c; path = particleFilter.c; sourceTree = "<group>"; };
		3E6D49AE21B1EB4000C71038 /* particleFilter.h */ = {isa = PBXFileReference; fileEncoding = 4; lastKnownFileType = sourcecode.c.h; path = particleFilter.h; sourceTree = "<group>"; };
		3E6D49B021B1EB6F00C71038 /* slam3d.c */ = {isa = PBXFileReference; fileEncoding = 4; lastKnownFileType = sourcecode.c.c; path = slam3d.c; sourceTree = "<group>"; };
		3EDDF03F21E90EFD00C01ED7 /* pfRandom.h */ = {isa = PBXFileReference; lastKnownFileType = sourcecode.c.h; name = pfRandom.h; path = slam3d/particlefilter/pfRandom.h; sourceTree = SOURCE_ROOT; };
		3EDDF04021E90EFD00C01ED7 /* pfRandom.c */ = {isa = PBXFileReference; lastKnownFileType = sourcecode.c.c; name = pfRandom.c; path = slam3d/particlefilter/pfRandom.c; sourceTree = SOURCE_ROOT; };
		3EDDF04221E926E000C01ED7 /* pfInit.h */ = {isa = PBXFileReference; lastKnownFileType = sourcecode.c.h; name = pfInit.h; path = slam3d/particlefilter/pfInit.h; sourceTree = SOURCE_ROOT; };
		3EDDF04321E926E000C01ED7 /* pfInit.c */ = {isa = PBXFileReference; lastKnownFileType = sourcecode.c.c; name = pfInit.c; path = slam3d/particlefilter/pfInit.c; sourceTree = SOURCE_ROOT; };
		3EDDF04521E9299F00C01ED7 /* pfMeasurement.h */ = {isa = PBXFileReference; lastKnownFileType = sourcecode.c.h; name = pfMeasurement.h; path = slam3d/particlefilter/pfMeasurement.h; sourceTree = SOURCE_ROOT; };
		3EDDF04621E9299F00C01ED7 /* pfMeasurement.c */ = {isa = PBXFileReference; lastKnownFileType = sourcecode.c.c; name = pfMeasurement.c; path = slam3d/particlefilter/pfMeasurement.c; sourceTree = SOURCE_ROOT; };
		3EDDF04821E92B6000C01ED7 /* pfResample.h */ = {isa = PBXFileReference; lastKnownFileType = sourcecode.c.h; name = pfResample.h; path = slam3d/particlefilter/pfResample.h; sourceTree = SOURCE_ROOT; };
		3EDDF04921E92B6000C01ED7 /* pfResample.c */ = {isa = PBXFileReference; lastKnownFileType = sourcecode.c.c; name = pfResample.c; path = slam3d/particlefilter/pfResample.c; sourceTree = SOURCE_ROOT; };
/* End PBXFileReference section */

/* Begin PBXFrameworksBuildPhase section */
		3E6D499F21B1EAF500C71038 /* Frameworks */ = {
			isa = PBXFrameworksBuildPhase;
			buildActionMask = 2147483647;
			files = (
			);
			runOnlyForDeploymentPostprocessing = 0;
		};
/* End PBXFrameworksBuildPhase section */

/* Begin PBXGroup section */
		3E6D499921B1EAF500C71038 = {
			isa = PBXGroup;
			children = (
				3E6D49A421B1EAF500C71038 /* slam3d */,
				3E6D49A321B1EAF500C71038 /* Products */,
			);
			sourceTree = "<group>";
		};
		3E6D49A321B1EAF500C71038 /* Products */ = {
			isa = PBXGroup;
			children = (
				3E6D49A221B1EAF500C71038 /* slam3d */,
			);
			name = Products;
			sourceTree = "<group>";
		};
		3E6D49A421B1EAF500C71038 /* slam3d */ = {
			isa = PBXGroup;
			children = (
				3E6D49B021B1EB6F00C71038 /* slam3d.c */,
				3E6D49AC21B1EB2D00C71038 /* particleFilter */,
			);
			path = slam3d;
			sourceTree = "<group>";
		};
		3E6D49AC21B1EB2D00C71038 /* particleFilter */ = {
			isa = PBXGroup;
			children = (
				3E6D49AD21B1EB4000C71038 /* particleFilter.c */,
				3E6D49AE21B1EB4000C71038 /* particleFilter.h */,
				3EDDF03F21E90EFD00C01ED7 /* pfRandom.h */,
				3EDDF04021E90EFD00C01ED7 /* pfRandom.c */,
				3EDDF04221E926E000C01ED7 /* pfInit.h */,
				3EDDF04321E926E000C01ED7 /* pfInit.c */,
				3EDDF04521E9299F00C01ED7 /* pfMeasurement.h */,
				3EDDF04621E9299F00C01ED7 /* pfMeasurement.c */,
				3EDDF04821E92B6000C01ED7 /* pfResample.h */,
				3EDDF04921E92B6000C01ED7 /* pfResample.c */,
			);
			path = particleFilter;
			sourceTree = "<group>";
		};
/* End PBXGroup section */

/* Begin PBXNativeTarget section */
		3E6D49A121B1EAF500C71038 /* slam3d */ = {
			isa = PBXNativeTarget;
			buildConfigurationList = 3E6D49A921B1EAF500C71038 /* Build configuration list for PBXNativeTarget "slam3d" */;
			buildPhases = (
				3E6D499E21B1EAF500C71038 /* Sources */,
				3E6D499F21B1EAF500C71038 /* Frameworks */,
				3E6D49A021B1EAF500C71038 /* CopyFiles */,
			);
			buildRules = (
			);
			dependencies = (
			);
			name = slam3d;
			productName = slam3d;
			productReference = 3E6D49A221B1EAF500C71038 /* slam3d */;
			productType = "com.apple.product-type.tool";
		};
/* End PBXNativeTarget section */

/* Begin PBXProject section */
		3E6D499A21B1EAF500C71038 /* Project object */ = {
			isa = PBXProject;
			attributes = {
				LastUpgradeCheck = 1010;
				ORGANIZATIONNAME = CMU;
				TargetAttributes = {
					3E6D49A121B1EAF500C71038 = {
						CreatedOnToolsVersion = 10.1;
					};
				};
			};
			buildConfigurationList = 3E6D499D21B1EAF500C71038 /* Build configuration list for PBXProject "slam3d" */;
			compatibilityVersion = "Xcode 9.3";
			developmentRegion = en;
			hasScannedForEncodings = 0;
			knownRegions = (
				en,
			);
			mainGroup = 3E6D499921B1EAF500C71038;
			productRefGroup = 3E6D49A321B1EAF500C71038 /* Products */;
			projectDirPath = "";
			projectRoot = "";
			targets = (
				3E6D49A121B1EAF500C71038 /* slam3d */,
			);
		};
/* End PBXProject section */

/* Begin PBXSourcesBuildPhase section */
		3E6D499E21B1EAF500C71038 /* Sources */ = {
			isa = PBXSourcesBuildPhase;
			buildActionMask = 2147483647;
			files = (
				3EDDF04721E9299F00C01ED7 /* pfMeasurement.c in Sources */,
				3E6D49AF21B1EB4000C71038 /* particleFilter.c in Sources */,
				3EDDF04121E90EFD00C01ED7 /* pfRandom.c in Sources */,
				3E6D49B121B1EB7000C71038 /* slam3d.c in Sources */,
				3EDDF04A21E92B6000C01ED7 /* pfResample.c in Sources */,
				3EDDF04421E926E000C01ED7 /* pfInit.c in Sources */,
			);
			runOnlyForDeploymentPostprocessing = 0;
		};
/* End PBXSourcesBuildPhase section */

/* Begin XCBuildConfiguration section */
		3E6D49A721B1EAF500C71038 /* Debug */ = {
			isa = XCBuildConfiguration;
			buildSettings = {
				ALWAYS_SEARCH_USER_PATHS = NO;
				CLANG_ANALYZER_NONNULL = YES;
				CLANG_ANALYZER_NUMBER_OBJECT_CONVERSION = YES_AGGRESSIVE;
				CLANG_CXX_LANGUAGE_STANDARD = "gnu++14";
				CLANG_CXX_LIBRARY = "libc++";
				CLANG_ENABLE_MODULES = YES;
				CLANG_ENABLE_OBJC_ARC = YES;
				CLANG_ENABLE_OBJC_WEAK = YES;
				CLANG_WARN_BLOCK_CAPTURE_AUTORELEASING = YES;
				CLANG_WARN_BOOL_CONVERSION = YES;
				CLANG_WARN_COMMA = YES;
				CLANG_WARN_CONSTANT_CONVERSION = YES;
				CLANG_WARN_DEPRECATED_OBJC_IMPLEMENTATIONS = YES;
				CLANG_WARN_DIRECT_OBJC_ISA_USAGE = YES_ERROR;
				CLANG_WARN_DOCUMENTATION_COMMENTS = YES;
				CLANG_WARN_EMPTY_BODY = YES;
				CLANG_WARN_ENUM_CONVERSION = YES;
				CLANG_WARN_INFINITE_RECURSION = YES;
				CLANG_WARN_INT_CONVERSION = YES;
				CLANG_WARN_NON_LITERAL_NULL_CONVERSION = YES;
				CLANG_WARN_OBJC_IMPLICIT_RETAIN_SELF = YES;
				CLANG_WARN_OBJC_LITERAL_CONVERSION = YES;
				CLANG_WARN_OBJC_ROOT_CLASS = YES_ERROR;
				CLANG_WARN_RANGE_LOOP_ANALYSIS = YES;
				CLANG_WARN_STRICT_PROTOTYPES = YES;
				CLANG_WARN_SUSPICIOUS_MOVE = YES;
				CLANG_WARN_UNGUARDED_AVAILABILITY = YES_AGGRESSIVE;
				CLANG_WARN_UNREACHABLE_CODE = YES;
				CLANG_WARN__DUPLICATE_METHOD_MATCH = YES;
				CODE_SIGN_IDENTITY = "-";
				COPY_PHASE_STRIP = NO;
				DEBUG_INFORMATION_FORMAT = dwarf;
				ENABLE_STRICT_OBJC_MSGSEND = YES;
				ENABLE_TESTABILITY = YES;
				GCC_C_LANGUAGE_STANDARD = gnu11;
				GCC_DYNAMIC_NO_PIC = NO;
				GCC_NO_COMMON_BLOCKS = YES;
				GCC_OPTIMIZATION_LEVEL = 0;
				GCC_PREPROCESSOR_DEFINITIONS = (
					"DEBUG=1",
					"$(inherited)",
				);
				GCC_WARN_64_TO_32_BIT_CONVERSION = YES;
				GCC_WARN_ABOUT_RETURN_TYPE = YES_ERROR;
				GCC_WARN_UNDECLARED_SELECTOR = YES;
				GCC_WARN_UNINITIALIZED_AUTOS = YES_AGGRESSIVE;
				GCC_WARN_UNUSED_FUNCTION = YES;
				GCC_WARN_UNUSED_VARIABLE = YES;
				MACOSX_DEPLOYMENT_TARGET = 10.14;
				MTL_ENABLE_DEBUG_INFO = INCLUDE_SOURCE;
				MTL_FAST_MATH = YES;
				ONLY_ACTIVE_ARCH = YES;
				SDKROOT = macosx;
			};
			name = Debug;
		};
		3E6D49A821B1EAF500C71038 /* Release */ = {
			isa = XCBuildConfiguration;
			buildSettings = {
				ALWAYS_SEARCH_USER_PATHS = NO;
				CLANG_ANALYZER_NONNULL = YES;
				CLANG_ANALYZER_NUMBER_OBJECT_CONVERSION = YES_AGGRESSIVE;
				CLANG_CXX_LANGUAGE_STANDARD = "gnu++14";
				CLANG_CXX_LIBRARY = "libc++";
				CLANG_ENABLE_MODULES = YES;
				CLANG_ENABLE_OBJC_ARC = YES;
				CLANG_ENABLE_OBJC_WEAK = YES;
				CLANG_WARN_BLOCK_CAPTURE_AUTORELEASING = YES;
				CLANG_WARN_BOOL_CONVERSION = YES;
				CLANG_WARN_COMMA = YES;
				CLANG_WARN_CONSTANT_CONVERSION = YES;
				CLANG_WARN_DEPRECATED_OBJC_IMPLEMENTATIONS = YES;
				CLANG_WARN_DIRECT_OBJC_ISA_USAGE = YES_ERROR;
				CLANG_WARN_DOCUMENTATION_COMMENTS = YES;
				CLANG_WARN_EMPTY_BODY = YES;
				CLANG_WARN_ENUM_CONVERSION = YES;
				CLANG_WARN_INFINITE_RECURSION = YES;
				CLANG_WARN_INT_CONVERSION = YES;
				CLANG_WARN_NON_LITERAL_NULL_CONVERSION = YES;
				CLANG_WARN_OBJC_IMPLICIT_RETAIN_SELF = YES;
				CLANG_WARN_OBJC_LITERAL_CONVERSION = YES;
				CLANG_WARN_OBJC_ROOT_CLASS = YES_ERROR;
				CLANG_WARN_RANGE_LOOP_ANALYSIS = YES;
				CLANG_WARN_STRICT_PROTOTYPES = YES;
				CLANG_WARN_SUSPICIOUS_MOVE = YES;
				CLANG_WARN_UNGUARDED_AVAILABILITY = YES_AGGRESSIVE;
				CLANG_WARN_UNREACHABLE_CODE = YES;
				CLANG_WARN__DUPLICATE_METHOD_MATCH = YES;
				CODE_SIGN_IDENTITY = "-";
				COPY_PHASE_STRIP = NO;
				DEBUG_INFORMATION_FORMAT = "dwarf-with-dsym";
				ENABLE_NS_ASSERTIONS = NO;
				ENABLE_STRICT_OBJC_MSGSEND = YES;
				GCC_C_LANGUAGE_STANDARD = gnu11;
				GCC_NO_COMMON_BLOCKS = YES;
				GCC_WARN_64_TO_32_BIT_CONVERSION = YES;
				GCC_WARN_ABOUT_RETURN_TYPE = YES_ERROR;
				GCC_WARN_UNDECLARED_SELECTOR = YES;
				GCC_WARN_UNINITIALIZED_AUTOS = YES_AGGRESSIVE;
				GCC_WARN_UNUSED_FUNCTION = YES;
				GCC_WARN_UNUSED_VARIABLE = YES;
				MACOSX_DEPLOYMENT_TARGET = 10.14;
				MTL_ENABLE_DEBUG_INFO = NO;
				MTL_FAST_MATH = YES;
				SDKROOT = macosx;
			};
			name = Release;
		};
		3E6D49AA21B1EAF500C71038 /* Debug */ = {
			isa = XCBuildConfiguration;
			buildSettings = {
				CODE_SIGN_STYLE = Automatic;
				PRODUCT_NAME = "$(TARGET_NAME)";
			};
			name = Debug;
		};
		3E6D49AB21B1EAF500C71038 /* Release */ = {
			isa = XCBuildConfiguration;
			buildSettings = {
				CODE_SIGN_STYLE = Automatic;
				PRODUCT_NAME = "$(TARGET_NAME)";
			};
			name = Release;
		};
/* End XCBuildConfiguration section */

/* Begin XCConfigurationList section */
		3E6D499D21B1EAF500C71038 /* Build configuration list for PBXProject "slam3d" */ = {
			isa = XCConfigurationList;
			buildConfigurations = (
				3E6D49A721B1EAF500C71038 /* Debug */,
				3E6D49A821B1EAF500C71038 /* Release */,
			);
			defaultConfigurationIsVisible = 0;
			defaultConfigurationName = Release;
		};
		3E6D49A921B1EAF500C71038 /* Build configuration list for PBXNativeTarget "slam3d" */ = {
			isa = XCConfigurationList;
			buildConfigurations = (
				3E6D49AA21B1EAF500C71038 /* Debug */,
				3E6D49AB21B1EAF500C71038 /* Release */,
			);
			defaultConfigurationIsVisible = 0;
			defaultConfigurationName = Release;
		};
/* End XCConfigurationList section */
	};
	rootObject = 3E6D499A21B1EAF500C71038 /* Project object */;
}
